
Microsoft Visual Studio Solution File, Format Version 12.00
# Visual Studio Version 16
VisualStudioVersion = 16.0.29509.3
MinimumVisualStudioVersion = 10.0.40219.1
Project("{FAE04EC0-301F-11D3-BF4B-00C04F79EFBC}") = "WebAppChart", "WebAppChart\WebAppChart.csproj", "{69556345-798D-4AB6-B0B3-B7B62B0E064E}"
EndProject
Global
	GlobalSection(SolutionConfigurationPlatforms) = preSolution
		Debug|Any CPU = Debug|Any CPU
		Release|Any CPU = Release|Any CPU
	EndGlobalSection
	GlobalSection(ProjectConfigurationPlatforms) = postSolution
		{69556345-798D-4AB6-B0B3-B7B62B0E064E}.Debug|Any CPU.ActiveCfg = Debug|Any CPU
		{69556345-798D-4AB6-B0B3-B7B62B0E064E}.Debug|Any CPU.Build.0 = Debug|Any CPU
		{69556345-798D-4AB6-B0B3-B7B62B0E064E}.Release|Any CPU.ActiveCfg = Release|Any CPU
		{69556345-798D-4AB6-B0B3-B7B62B0E064E}.Release|Any CPU.Build.0 = Release|Any CPU
	EndGlobalSection
	GlobalSection(SolutionProperties) = preSolution
		HideSolutionNode = FALSE
	EndGlobalSection
	GlobalSection(ExtensibilityGlobals) = postSolution
		SolutionGuid = {CFBEE7DA-A86B-438F-974E-9476850054EE}
	EndGlobalSection
EndGlobal
